// !$*UTF8*$!
{
	archiveVersion = 1;
	classes = {
	};
	objectVersion = 51;
	objects = {

/* Begin PBXBuildFile section */
		188061AEF6F6AC4C233C75B6 /* Pods_KiteCred.framework in Frameworks */ = {isa = PBXBuildFile; fileRef = 780040D0AC054ED98B82E3AC /* Pods_KiteCred.framework */; };
		F008B1F9263DE18E00857A6A /* MessageModel.swift in Sources */ = {isa = PBXBuildFile; fileRef = F008B1F6263DE18E00857A6A /* MessageModel.swift */; };
		F008B1FA263DE18E00857A6A /* MessageViewController.swift in Sources */ = {isa = PBXBuildFile; fileRef = F008B1F8263DE18E00857A6A /* MessageViewController.swift */; };
		F008B1FC263DE27C00857A6A /* Main.storyboard in Resources */ = {isa = PBXBuildFile; fileRef = F008B1FB263DE27C00857A6A /* Main.storyboard */; };
		F00AC5AB263E808D00509FB8 /* SnackbarView.swift in Sources */ = {isa = PBXBuildFile; fileRef = F00AC5AA263E808D00509FB8 /* SnackbarView.swift */; };
		F00AC5AD263E80A200509FB8 /* SnackbarView.xib in Resources */ = {isa = PBXBuildFile; fileRef = F00AC5AC263E80A200509FB8 /* SnackbarView.xib */; };
		F00AC5AF263EAB6F00509FB8 /* MessageConstant.swift in Sources */ = {isa = PBXBuildFile; fileRef = F00AC5AE263EAB6F00509FB8 /* MessageConstant.swift */; };
		F02A0FB5262F0F0800449888 /* AppDelegate.swift in Sources */ = {isa = PBXBuildFile; fileRef = F02A0FB4262F0F0800449888 /* AppDelegate.swift */; };
		F02A0FBC262F0F0900449888 /* Assets.xcassets in Resources */ = {isa = PBXBuildFile; fileRef = F02A0FBB262F0F0900449888 /* Assets.xcassets */; };
		F02A0FBF262F0F0900449888 /* LaunchScreen.storyboard in Resources */ = {isa = PBXBuildFile; fileRef = F02A0FBD262F0F0900449888 /* LaunchScreen.storyboard */; };
		F02A0FCA262F0F7300449888 /* UIImageView+Extension .swift in Sources */ = {isa = PBXBuildFile; fileRef = F02A0FC7262F0F7300449888 /* UIImageView+Extension .swift */; };
		F02A0FCB262F0F7300449888 /* UIView+Extension.swift in Sources */ = {isa = PBXBuildFile; fileRef = F02A0FC8262F0F7300449888 /* UIView+Extension.swift */; };
		F02A0FCC262F0F7300449888 /* Spinner.swift in Sources */ = {isa = PBXBuildFile; fileRef = F02A0FC9262F0F7300449888 /* Spinner.swift */; };
		F02A0FE2262F101500449888 /* APIClientProtocol.swift in Sources */ = {isa = PBXBuildFile; fileRef = F02A0FDA262F101500449888 /* APIClientProtocol.swift */; };
		F02A0FE3262F101500449888 /* NetworkManagerProtocol.swift in Sources */ = {isa = PBXBuildFile; fileRef = F02A0FDB262F101500449888 /* NetworkManagerProtocol.swift */; };
		F02A0FE4262F101500449888 /* APIDataProtocol.swift in Sources */ = {isa = PBXBuildFile; fileRef = F02A0FDC262F101500449888 /* APIDataProtocol.swift */; };
		F02A0FE5262F101500449888 /* NetworkConfig.swift in Sources */ = {isa = PBXBuildFile; fileRef = F02A0FDD262F101500449888 /* NetworkConfig.swift */; };
		F02A0FE6262F101500449888 /* APIClient.swift in Sources */ = {isa = PBXBuildFile; fileRef = F02A0FDE262F101500449888 /* APIClient.swift */; };
		F02A0FE7262F101500449888 /* NetworkManager.swift in Sources */ = {isa = PBXBuildFile; fileRef = F02A0FDF262F101500449888 /* NetworkManager.swift */; };
		F02A0FE8262F101500449888 /* NetworkConstant.swift in Sources */ = {isa = PBXBuildFile; fileRef = F02A0FE0262F101500449888 /* NetworkConstant.swift */; };
		F02A0FE9262F101500449888 /* NetworkError.swift in Sources */ = {isa = PBXBuildFile; fileRef = F02A0FE1262F101500449888 /* NetworkError.swift */; };
		F02A0FF3262F26BA00449888 /* CategoryModelView.swift in Sources */ = {isa = PBXBuildFile; fileRef = F02A0FEC262F26BA00449888 /* CategoryModelView.swift */; };
		F02A0FF4262F26BA00449888 /* CategoryModel.swift in Sources */ = {isa = PBXBuildFile; fileRef = F02A0FEE262F26BA00449888 /* CategoryModel.swift */; };
		F02A0FF5262F26BA00449888 /* CategoryTableView.swift in Sources */ = {isa = PBXBuildFile; fileRef = F02A0FF0262F26BA00449888 /* CategoryTableView.swift */; };
		F02A0FF6262F26BA00449888 /* CategoryRequest.swift in Sources */ = {isa = PBXBuildFile; fileRef = F02A0FF2262F26BA00449888 /* CategoryRequest.swift */; };
		F02A1005262F26EE00449888 /* NewsModelView.swift in Sources */ = {isa = PBXBuildFile; fileRef = F02A0FF9262F26EE00449888 /* NewsModelView.swift */; };
		F02A1006262F26EE00449888 /* ArticaleModel.swift in Sources */ = {isa = PBXBuildFile; fileRef = F02A0FFB262F26EE00449888 /* ArticaleModel.swift */; };
		F02A1008262F26EE00449888 /* NewsWebViewController.swift in Sources */ = {isa = PBXBuildFile; fileRef = F02A0FFE262F26EE00449888 /* NewsWebViewController.swift */; };
		F02A100A262F26EE00449888 /* NewsViewController.swift in Sources */ = {isa = PBXBuildFile; fileRef = F02A1000262F26EE00449888 /* NewsViewController.swift */; };
		F02A100B262F26EE00449888 /* NewsCollectionViewCell.swift in Sources */ = {isa = PBXBuildFile; fileRef = F02A1001262F26EE00449888 /* NewsCollectionViewCell.swift */; };
		F02A100C262F26EE00449888 /* NewsDisplayView.swift in Sources */ = {isa = PBXBuildFile; fileRef = F02A1002262F26EE00449888 /* NewsDisplayView.swift */; };
		F02A100D262F26EE00449888 /* NewsArticlesRequest.swift in Sources */ = {isa = PBXBuildFile; fileRef = F02A1004262F26EE00449888 /* NewsArticlesRequest.swift */; };
		F031B96F263F083F001FD354 /* LastCViewCell.swift in Sources */ = {isa = PBXBuildFile; fileRef = F031B96D263F083F001FD354 /* LastCViewCell.swift */; };
		F031B970263F083F001FD354 /* LastCViewCell.xib in Resources */ = {isa = PBXBuildFile; fileRef = F031B96E263F083F001FD354 /* LastCViewCell.xib */; };
		F060833A2633FD4900B92659 /* RealmManager.swift in Sources */ = {isa = PBXBuildFile; fileRef = F06083392633FD4900B92659 /* RealmManager.swift */; };
		F07BC7312631589B00CDCA9A /* ItemHandler.swift in Sources */ = {isa = PBXBuildFile; fileRef = F07BC7302631589B00CDCA9A /* ItemHandler.swift */; };
		F07BC733263158CA00CDCA9A /* NewsLink.swift in Sources */ = {isa = PBXBuildFile; fileRef = F07BC732263158CA00CDCA9A /* NewsLink.swift */; };
		F07BC73526316F2000CDCA9A /* Reachability.swift in Sources */ = {isa = PBXBuildFile; fileRef = F07BC73426316F2000CDCA9A /* Reachability.swift */; };
		F0AF095226356D1200746AF9 /* Utility.swift in Sources */ = {isa = PBXBuildFile; fileRef = F0AF095126356D1200746AF9 /* Utility.swift */; };
		F0E45BC326499DFC0024DD2E /* LanguageSelectionVController.swift in Sources */ = {isa = PBXBuildFile; fileRef = F0E45BC226499DFC0024DD2E /* LanguageSelectionVController.swift */; };
		F0E45BC52649AB060024DD2E /* LanguageTVCell.swift in Sources */ = {isa = PBXBuildFile; fileRef = F0E45BC42649AB060024DD2E /* LanguageTVCell.swift */; };
		F0E45BCB2649C3950024DD2E /* Language.json in Resources */ = {isa = PBXBuildFile; fileRef = F0E45BCA2649C3940024DD2E /* Language.json */; };
		F0E45BCD2649C3B20024DD2E /* LanguageData.swift in Sources */ = {isa = PBXBuildFile; fileRef = F0E45BCC2649C3B20024DD2E /* LanguageData.swift */; };
		F0E45BCF2649C3BC0024DD2E /* JsonLoader.swift in Sources */ = {isa = PBXBuildFile; fileRef = F0E45BCE2649C3BC0024DD2E /* JsonLoader.swift */; };
/* End PBXBuildFile section */

/* Begin PBXFileReference section */
		3F43AB72029BF450A82DC0E0 /* Pods-KiteCred.debug.xcconfig */ = {isa = PBXFileReference; includeInIndex = 1; lastKnownFileType = text.xcconfig; name = "Pods-KiteCred.debug.xcconfig"; path = "Target Support Files/Pods-KiteCred/Pods-KiteCred.debug.xcconfig"; sourceTree = "<group>"; };
		780040D0AC054ED98B82E3AC /* Pods_KiteCred.framework */ = {isa = PBXFileReference; explicitFileType = wrapper.framework; includeInIndex = 0; path = Pods_KiteCred.framework; sourceTree = BUILT_PRODUCTS_DIR; };
		8F159ABAB7F1E1481D37C8BC /* Pods-KiteCred.release.xcconfig */ = {isa = PBXFileReference; includeInIndex = 1; lastKnownFileType = text.xcconfig; name = "Pods-KiteCred.release.xcconfig"; path = "Target Support Files/Pods-KiteCred/Pods-KiteCred.release.xcconfig"; sourceTree = "<group>"; };
		F008B1F6263DE18E00857A6A /* MessageModel.swift */ = {isa = PBXFileReference; fileEncoding = 4; lastKnownFileType = sourcecode.swift; path = MessageModel.swift; sourceTree = "<group>"; };
		F008B1F8263DE18E00857A6A /* MessageViewController.swift */ = {isa = PBXFileReference; fileEncoding = 4; lastKnownFileType = sourcecode.swift; path = MessageViewController.swift; sourceTree = "<group>"; };
		F008B1FB263DE27C00857A6A /* Main.storyboard */ = {isa = PBXFileReference; fileEncoding = 4; lastKnownFileType = file.storyboard; path = Main.storyboard; sourceTree = "<group>"; };
		F00AC5AA263E808D00509FB8 /* SnackbarView.swift */ = {isa = PBXFileReference; lastKnownFileType = sourcecode.swift; path = SnackbarView.swift; sourceTree = "<group>"; };
		F00AC5AC263E80A200509FB8 /* SnackbarView.xib */ = {isa = PBXFileReference; lastKnownFileType = file.xib; path = SnackbarView.xib; sourceTree = "<group>"; };
		F00AC5AE263EAB6F00509FB8 /* MessageConstant.swift */ = {isa = PBXFileReference; lastKnownFileType = sourcecode.swift; path = MessageConstant.swift; sourceTree = "<group>"; };
		F02A0FB1262F0F0800449888 /* PaperPoll.app */ = {isa = PBXFileReference; explicitFileType = wrapper.application; includeInIndex = 0; path = PaperPoll.app; sourceTree = BUILT_PRODUCTS_DIR; };
		F02A0FB4262F0F0800449888 /* AppDelegate.swift */ = {isa = PBXFileReference; lastKnownFileType = sourcecode.swift; path = AppDelegate.swift; sourceTree = "<group>"; };
		F02A0FBB262F0F0900449888 /* Assets.xcassets */ = {isa = PBXFileReference; lastKnownFileType = folder.assetcatalog; path = Assets.xcassets; sourceTree = "<group>"; };
		F02A0FBE262F0F0900449888 /* Base */ = {isa = PBXFileReference; lastKnownFileType = file.storyboard; name = Base; path = Base.lproj/LaunchScreen.storyboard; sourceTree = "<group>"; };
		F02A0FC0262F0F0900449888 /* Info.plist */ = {isa = PBXFileReference; lastKnownFileType = text.plist.xml; path = Info.plist; sourceTree = "<group>"; };
		F02A0FC7262F0F7300449888 /* UIImageView+Extension .swift */ = {isa = PBXFileReference; fileEncoding = 4; lastKnownFileType = sourcecode.swift; path = "UIImageView+Extension .swift"; sourceTree = "<group>"; };
		F02A0FC8262F0F7300449888 /* UIView+Extension.swift */ = {isa = PBXFileReference; fileEncoding = 4; lastKnownFileType = sourcecode.swift; path = "UIView+Extension.swift"; sourceTree = "<group>"; };
		F02A0FC9262F0F7300449888 /* Spinner.swift */ = {isa = PBXFileReference; fileEncoding = 4; lastKnownFileType = sourcecode.swift; path = Spinner.swift; sourceTree = "<group>"; };
		F02A0FDA262F101500449888 /* APIClientProtocol.swift */ = {isa = PBXFileReference; fileEncoding = 4; lastKnownFileType = sourcecode.swift; path = APIClientProtocol.swift; sourceTree = "<group>"; };
		F02A0FDB262F101500449888 /* NetworkManagerProtocol.swift */ = {isa = PBXFileReference; fileEncoding = 4; lastKnownFileType = sourcecode.swift; path = NetworkManagerProtocol.swift; sourceTree = "<group>"; };
		F02A0FDC262F101500449888 /* APIDataProtocol.swift */ = {isa = PBXFileReference; fileEncoding = 4; lastKnownFileType = sourcecode.swift; path = APIDataProtocol.swift; sourceTree = "<group>"; };
		F02A0FDD262F101500449888 /* NetworkConfig.swift */ = {isa = PBXFileReference; fileEncoding = 4; lastKnownFileType = sourcecode.swift; path = NetworkConfig.swift; sourceTree = "<group>"; };
		F02A0FDE262F101500449888 /* APIClient.swift */ = {isa = PBXFileReference; fileEncoding = 4; lastKnownFileType = sourcecode.swift; path = APIClient.swift; sourceTree = "<group>"; };
		F02A0FDF262F101500449888 /* NetworkManager.swift */ = {isa = PBXFileReference; fileEncoding = 4; lastKnownFileType = sourcecode.swift; path = NetworkManager.swift; sourceTree = "<group>"; };
		F02A0FE0262F101500449888 /* NetworkConstant.swift */ = {isa = PBXFileReference; fileEncoding = 4; lastKnownFileType = sourcecode.swift; path = NetworkConstant.swift; sourceTree = "<group>"; };
		F02A0FE1262F101500449888 /* NetworkError.swift */ = {isa = PBXFileReference; fileEncoding = 4; lastKnownFileType = sourcecode.swift; path = NetworkError.swift; sourceTree = "<group>"; };
		F02A0FEC262F26BA00449888 /* CategoryModelView.swift */ = {isa = PBXFileReference; fileEncoding = 4; lastKnownFileType = sourcecode.swift; path = CategoryModelView.swift; sourceTree = "<group>"; };
		F02A0FEE262F26BA00449888 /* CategoryModel.swift */ = {isa = PBXFileReference; fileEncoding = 4; lastKnownFileType = sourcecode.swift; path = CategoryModel.swift; sourceTree = "<group>"; };
		F02A0FF0262F26BA00449888 /* CategoryTableView.swift */ = {isa = PBXFileReference; fileEncoding = 4; lastKnownFileType = sourcecode.swift; path = CategoryTableView.swift; sourceTree = "<group>"; };
		F02A0FF2262F26BA00449888 /* CategoryRequest.swift */ = {isa = PBXFileReference; fileEncoding = 4; lastKnownFileType = sourcecode.swift; path = CategoryRequest.swift; sourceTree = "<group>"; };
		F02A0FF9262F26EE00449888 /* NewsModelView.swift */ = {isa = PBXFileReference; fileEncoding = 4; lastKnownFileType = sourcecode.swift; path = NewsModelView.swift; sourceTree = "<group>"; };
		F02A0FFB262F26EE00449888 /* ArticaleModel.swift */ = {isa = PBXFileReference; fileEncoding = 4; lastKnownFileType = sourcecode.swift; path = ArticaleModel.swift; sourceTree = "<group>"; };
		F02A0FFE262F26EE00449888 /* NewsWebViewController.swift */ = {isa = PBXFileReference; fileEncoding = 4; lastKnownFileType = sourcecode.swift; path = NewsWebViewController.swift; sourceTree = "<group>"; };
		F02A1000262F26EE00449888 /* NewsViewController.swift */ = {isa = PBXFileReference; fileEncoding = 4; lastKnownFileType = sourcecode.swift; path = NewsViewController.swift; sourceTree = "<group>"; };
		F02A1001262F26EE00449888 /* NewsCollectionViewCell.swift */ = {isa = PBXFileReference; fileEncoding = 4; lastKnownFileType = sourcecode.swift; path = NewsCollectionViewCell.swift; sourceTree = "<group>"; };
		F02A1002262F26EE00449888 /* NewsDisplayView.swift */ = {isa = PBXFileReference; fileEncoding = 4; lastKnownFileType = sourcecode.swift; path = NewsDisplayView.swift; sourceTree = "<group>"; };
		F02A1004262F26EE00449888 /* NewsArticlesRequest.swift */ = {isa = PBXFileReference; fileEncoding = 4; lastKnownFileType = sourcecode.swift; path = NewsArticlesRequest.swift; sourceTree = "<group>"; };
		F031B96D263F083F001FD354 /* LastCViewCell.swift */ = {isa = PBXFileReference; lastKnownFileType = sourcecode.swift; path = LastCViewCell.swift; sourceTree = "<group>"; };
		F031B96E263F083F001FD354 /* LastCViewCell.xib */ = {isa = PBXFileReference; lastKnownFileType = file.xib; path = LastCViewCell.xib; sourceTree = "<group>"; };
		F06083392633FD4900B92659 /* RealmManager.swift */ = {isa = PBXFileReference; lastKnownFileType = sourcecode.swift; path = RealmManager.swift; sourceTree = "<group>"; };
		F07BC7302631589B00CDCA9A /* ItemHandler.swift */ = {isa = PBXFileReference; lastKnownFileType = sourcecode.swift; path = ItemHandler.swift; sourceTree = "<group>"; };
		F07BC732263158CA00CDCA9A /* NewsLink.swift */ = {isa = PBXFileReference; lastKnownFileType = sourcecode.swift; path = NewsLink.swift; sourceTree = "<group>"; };
		F07BC73426316F2000CDCA9A /* Reachability.swift */ = {isa = PBXFileReference; lastKnownFileType = sourcecode.swift; path = Reachability.swift; sourceTree = "<group>"; };
		F0AF095126356D1200746AF9 /* Utility.swift */ = {isa = PBXFileReference; lastKnownFileType = sourcecode.swift; path = Utility.swift; sourceTree = "<group>"; };
		F0E45BC226499DFC0024DD2E /* LanguageSelectionVController.swift */ = {isa = PBXFileReference; lastKnownFileType = sourcecode.swift; path = LanguageSelectionVController.swift; sourceTree = "<group>"; };
		F0E45BC42649AB060024DD2E /* LanguageTVCell.swift */ = {isa = PBXFileReference; lastKnownFileType = sourcecode.swift; path = LanguageTVCell.swift; sourceTree = "<group>"; };
		F0E45BCA2649C3940024DD2E /* Language.json */ = {isa = PBXFileReference; fileEncoding = 4; lastKnownFileType = text.json; path = Language.json; sourceTree = "<group>"; };
		F0E45BCC2649C3B20024DD2E /* LanguageData.swift */ = {isa = PBXFileReference; fileEncoding = 4; lastKnownFileType = sourcecode.swift; path = LanguageData.swift; sourceTree = "<group>"; };
		F0E45BCE2649C3BC0024DD2E /* JsonLoader.swift */ = {isa = PBXFileReference; fileEncoding = 4; lastKnownFileType = sourcecode.swift; path = JsonLoader.swift; sourceTree = "<group>"; };
/* End PBXFileReference section */

/* Begin PBXFrameworksBuildPhase section */
		F02A0FAE262F0F0800449888 /* Frameworks */ = {
			isa = PBXFrameworksBuildPhase;
			buildActionMask = 2147483647;
			files = (
				188061AEF6F6AC4C233C75B6 /* Pods_KiteCred.framework in Frameworks */,
			);
			runOnlyForDeploymentPostprocessing = 0;
		};
/* End PBXFrameworksBuildPhase section */

/* Begin PBXGroup section */
		5B2642A57A0E9EF8A7AE40F0 /* Pods */ = {
			isa = PBXGroup;
			children = (
				3F43AB72029BF450A82DC0E0 /* Pods-KiteCred.debug.xcconfig */,
				8F159ABAB7F1E1481D37C8BC /* Pods-KiteCred.release.xcconfig */,
			);
			path = Pods;
			sourceTree = "<group>";
		};
		A12B97C99A888BAE7B1B6E49 /* Frameworks */ = {
			isa = PBXGroup;
			children = (
				780040D0AC054ED98B82E3AC /* Pods_KiteCred.framework */,
			);
			name = Frameworks;
			sourceTree = "<group>";
		};
		F008B1F4263DE18E00857A6A /* Message */ = {
			isa = PBXGroup;
			children = (
				F008B1F5263DE18E00857A6A /* Model */,
				F008B1F7263DE18E00857A6A /* View */,
			);
			path = Message;
			sourceTree = "<group>";
		};
		F008B1F5263DE18E00857A6A /* Model */ = {
			isa = PBXGroup;
			children = (
				F008B1F6263DE18E00857A6A /* MessageModel.swift */,
			);
			path = Model;
			sourceTree = "<group>";
		};
		F008B1F7263DE18E00857A6A /* View */ = {
			isa = PBXGroup;
			children = (
				F008B1F8263DE18E00857A6A /* MessageViewController.swift */,
				F00AC5AA263E808D00509FB8 /* SnackbarView.swift */,
				F00AC5AC263E80A200509FB8 /* SnackbarView.xib */,
			);
			path = View;
			sourceTree = "<group>";
		};
		F02A0FA8262F0F0800449888 = {
			isa = PBXGroup;
			children = (
				F02A0FB3262F0F0800449888 /* KiteCred */,
				F02A0FB2262F0F0800449888 /* Products */,
				5B2642A57A0E9EF8A7AE40F0 /* Pods */,
				A12B97C99A888BAE7B1B6E49 /* Frameworks */,
			);
			sourceTree = "<group>";
		};
		F02A0FB2262F0F0800449888 /* Products */ = {
			isa = PBXGroup;
			children = (
				F02A0FB1262F0F0800449888 /* PaperPoll.app */,
			);
			name = Products;
			sourceTree = "<group>";
		};
		F02A0FB3262F0F0800449888 /* KiteCred */ = {
			isa = PBXGroup;
			children = (
				F0E45BC1264999520024DD2E /* Language */,
				F008B1F4263DE18E00857A6A /* Message */,
				F02A0FEA262F26BA00449888 /* Catagory */,
				F02A0FD7262F101500449888 /* Network */,
				F02A0FC6262F0F5500449888 /* Common */,
				F02A0FF7262F26EE00449888 /* News */,
				F008B1FB263DE27C00857A6A /* Main.storyboard */,
				F02A0FBB262F0F0900449888 /* Assets.xcassets */,
				F02A0FBD262F0F0900449888 /* LaunchScreen.storyboard */,
				F02A0FC0262F0F0900449888 /* Info.plist */,
			);
			path = KiteCred;
			sourceTree = "<group>";
		};
		F02A0FC6262F0F5500449888 /* Common */ = {
			isa = PBXGroup;
			children = (
				F02A0FB4262F0F0800449888 /* AppDelegate.swift */,
				F02A0FC9262F0F7300449888 /* Spinner.swift */,
				F02A0FC7262F0F7300449888 /* UIImageView+Extension .swift */,
				F02A0FC8262F0F7300449888 /* UIView+Extension.swift */,
				F07BC7302631589B00CDCA9A /* ItemHandler.swift */,
				F07BC732263158CA00CDCA9A /* NewsLink.swift */,
				F06083392633FD4900B92659 /* RealmManager.swift */,
				F0AF095126356D1200746AF9 /* Utility.swift */,
				F00AC5AE263EAB6F00509FB8 /* MessageConstant.swift */,
			);
			path = Common;
			sourceTree = "<group>";
		};
		F02A0FD7262F101500449888 /* Network */ = {
			isa = PBXGroup;
			children = (
				F02A0FD8262F101500449888 /* Config */,
				F02A0FDE262F101500449888 /* APIClient.swift */,
				F02A0FDF262F101500449888 /* NetworkManager.swift */,
				F02A0FE0262F101500449888 /* NetworkConstant.swift */,
				F07BC73426316F2000CDCA9A /* Reachability.swift */,
				F02A0FE1262F101500449888 /* NetworkError.swift */,
			);
			path = Network;
			sourceTree = "<group>";
		};
		F02A0FD8262F101500449888 /* Config */ = {
			isa = PBXGroup;
			children = (
				F02A0FD9262F101500449888 /* Protocol */,
				F02A0FDD262F101500449888 /* NetworkConfig.swift */,
			);
			path = Config;
			sourceTree = "<group>";
		};
		F02A0FD9262F101500449888 /* Protocol */ = {
			isa = PBXGroup;
			children = (
				F02A0FDA262F101500449888 /* APIClientProtocol.swift */,
				F02A0FDB262F101500449888 /* NetworkManagerProtocol.swift */,
				F02A0FDC262F101500449888 /* APIDataProtocol.swift */,
			);
			path = Protocol;
			sourceTree = "<group>";
		};
		F02A0FEA262F26BA00449888 /* Catagory */ = {
			isa = PBXGroup;
			children = (
				F02A0FEB262F26BA00449888 /* ModelView */,
				F02A0FED262F26BA00449888 /* Model */,
				F02A0FEF262F26BA00449888 /* View */,
				F02A0FF1262F26BA00449888 /* Request */,
			);
			path = Catagory;
			sourceTree = "<group>";
		};
		F02A0FEB262F26BA00449888 /* ModelView */ = {
			isa = PBXGroup;
			children = (
				F02A0FEC262F26BA00449888 /* CategoryModelView.swift */,
			);
			path = ModelView;
			sourceTree = "<group>";
		};
		F02A0FED262F26BA00449888 /* Model */ = {
			isa = PBXGroup;
			children = (
				F02A0FEE262F26BA00449888 /* CategoryModel.swift */,
			);
			path = Model;
			sourceTree = "<group>";
		};
		F02A0FEF262F26BA00449888 /* View */ = {
			isa = PBXGroup;
			children = (
				F02A0FF0262F26BA00449888 /* CategoryTableView.swift */,
			);
			path = View;
			sourceTree = "<group>";
		};
		F02A0FF1262F26BA00449888 /* Request */ = {
			isa = PBXGroup;
			children = (
				F02A0FF2262F26BA00449888 /* CategoryRequest.swift */,
			);
			path = Request;
			sourceTree = "<group>";
		};
		F02A0FF7262F26EE00449888 /* News */ = {
			isa = PBXGroup;
			children = (
				F02A0FF8262F26EE00449888 /* ModelView */,
				F02A0FFA262F26EE00449888 /* Model */,
				F02A0FFC262F26EE00449888 /* View */,
				F02A1003262F26EE00449888 /* Request */,
			);
			path = News;
			sourceTree = "<group>";
		};
		F02A0FF8262F26EE00449888 /* ModelView */ = {
			isa = PBXGroup;
			children = (
				F02A0FF9262F26EE00449888 /* NewsModelView.swift */,
			);
			path = ModelView;
			sourceTree = "<group>";
		};
		F02A0FFA262F26EE00449888 /* Model */ = {
			isa = PBXGroup;
			children = (
				F02A0FFB262F26EE00449888 /* ArticaleModel.swift */,
			);
			path = Model;
			sourceTree = "<group>";
		};
		F02A0FFC262F26EE00449888 /* View */ = {
			isa = PBXGroup;
			children = (
				F02A1000262F26EE00449888 /* NewsViewController.swift */,
				F02A0FFE262F26EE00449888 /* NewsWebViewController.swift */,
				F02A1001262F26EE00449888 /* NewsCollectionViewCell.swift */,
				F02A1002262F26EE00449888 /* NewsDisplayView.swift */,
				F031B96D263F083F001FD354 /* LastCViewCell.swift */,
				F031B96E263F083F001FD354 /* LastCViewCell.xib */,
			);
			path = View;
			sourceTree = "<group>";
		};
		F02A1003262F26EE00449888 /* Request */ = {
			isa = PBXGroup;
			children = (
				F02A1004262F26EE00449888 /* NewsArticlesRequest.swift */,
			);
			path = Request;
			sourceTree = "<group>";
		};
		F0E45BC1264999520024DD2E /* Language */ = {
			isa = PBXGroup;
			children = (
				F0E45BCE2649C3BC0024DD2E /* JsonLoader.swift */,
				F0E45BCC2649C3B20024DD2E /* LanguageData.swift */,
				F0E45BC226499DFC0024DD2E /* LanguageSelectionVController.swift */,
				F0E45BC42649AB060024DD2E /* LanguageTVCell.swift */,
				F0E45BCA2649C3940024DD2E /* Language.json */,
			);
			path = Language;
			sourceTree = "<group>";
		};
/* End PBXGroup section */

/* Begin PBXNativeTarget section */
		F02A0FB0262F0F0800449888 /* KiteCred */ = {
			isa = PBXNativeTarget;
			buildConfigurationList = F02A0FC3262F0F0900449888 /* Build configuration list for PBXNativeTarget "KiteCred" */;
			buildPhases = (
				129B80651D8B535895697D08 /* [CP] Check Pods Manifest.lock */,
				F02A0FAD262F0F0800449888 /* Sources */,
				F02A0FAE262F0F0800449888 /* Frameworks */,
				F02A0FAF262F0F0800449888 /* Resources */,
				D1CD35896926B8B7FAEF81FC /* [CP] Embed Pods Frameworks */,
			);
			buildRules = (
			);
			dependencies = (
			);
			name = KiteCred;
			productName = KiteCred;
			productReference = F02A0FB1262F0F0800449888 /* PaperPoll.app */;
			productType = "com.apple.product-type.application";
		};
/* End PBXNativeTarget section */

/* Begin PBXProject section */
		F02A0FA9262F0F0800449888 /* Project object */ = {
			isa = PBXProject;
			attributes = {
				LastSwiftUpdateCheck = 1030;
				LastUpgradeCheck = 1030;
				ORGANIZATIONNAME = "Dileep Jaiswal";
				TargetAttributes = {
					F02A0FB0262F0F0800449888 = {
						CreatedOnToolsVersion = 10.3;
					};
				};
			};
			buildConfigurationList = F02A0FAC262F0F0800449888 /* Build configuration list for PBXProject "KiteCred" */;
			compatibilityVersion = "Xcode 9.3";
			developmentRegion = en;
			hasScannedForEncodings = 0;
			knownRegions = (
				en,
				Base,
			);
			mainGroup = F02A0FA8262F0F0800449888;
			productRefGroup = F02A0FB2262F0F0800449888 /* Products */;
			projectDirPath = "";
			projectRoot = "";
			targets = (
				F02A0FB0262F0F0800449888 /* KiteCred */,
			);
		};
/* End PBXProject section */

/* Begin PBXResourcesBuildPhase section */
		F02A0FAF262F0F0800449888 /* Resources */ = {
			isa = PBXResourcesBuildPhase;
			buildActionMask = 2147483647;
			files = (
				F008B1FC263DE27C00857A6A /* Main.storyboard in Resources */,
				F00AC5AD263E80A200509FB8 /* SnackbarView.xib in Resources */,
				F02A0FBF262F0F0900449888 /* LaunchScreen.storyboard in Resources */,
				F0E45BCB2649C3950024DD2E /* Language.json in Resources */,
				F02A0FBC262F0F0900449888 /* Assets.xcassets in Resources */,
				F031B970263F083F001FD354 /* LastCViewCell.xib in Resources */,
			);
			runOnlyForDeploymentPostprocessing = 0;
		};
/* End PBXResourcesBuildPhase section */

/* Begin PBXShellScriptBuildPhase section */
		129B80651D8B535895697D08 /* [CP] Check Pods Manifest.lock */ = {
			isa = PBXShellScriptBuildPhase;
			buildActionMask = 2147483647;
			files = (
			);
			inputFileListPaths = (
			);
			inputPaths = (
				"${PODS_PODFILE_DIR_PATH}/Podfile.lock",
				"${PODS_ROOT}/Manifest.lock",
			);
			name = "[CP] Check Pods Manifest.lock";
			outputFileListPaths = (
			);
			outputPaths = (
				"$(DERIVED_FILE_DIR)/Pods-KiteCred-checkManifestLockResult.txt",
			);
			runOnlyForDeploymentPostprocessing = 0;
			shellPath = /bin/sh;
			shellScript = "diff \"${PODS_PODFILE_DIR_PATH}/Podfile.lock\" \"${PODS_ROOT}/Manifest.lock\" > /dev/null\nif [ $? != 0 ] ; then\n    # print error to STDERR\n    echo \"error: The sandbox is not in sync with the Podfile.lock. Run 'pod install' or update your CocoaPods installation.\" >&2\n    exit 1\nfi\n# This output is used by Xcode 'outputs' to avoid re-running this script phase.\necho \"SUCCESS\" > \"${SCRIPT_OUTPUT_FILE_0}\"\n";
			showEnvVarsInLog = 0;
		};
		D1CD35896926B8B7FAEF81FC /* [CP] Embed Pods Frameworks */ = {
			isa = PBXShellScriptBuildPhase;
			buildActionMask = 2147483647;
			files = (
			);
			inputFileListPaths = (
				"${PODS_ROOT}/Target Support Files/Pods-KiteCred/Pods-KiteCred-frameworks-${CONFIGURATION}-input-files.xcfilelist",
			);
			name = "[CP] Embed Pods Frameworks";
			outputFileListPaths = (
				"${PODS_ROOT}/Target Support Files/Pods-KiteCred/Pods-KiteCred-frameworks-${CONFIGURATION}-output-files.xcfilelist",
			);
			runOnlyForDeploymentPostprocessing = 0;
			shellPath = /bin/sh;
			shellScript = "\"${PODS_ROOT}/Target Support Files/Pods-KiteCred/Pods-KiteCred-frameworks.sh\"\n";
			showEnvVarsInLog = 0;
		};
/* End PBXShellScriptBuildPhase section */

/* Begin PBXSourcesBuildPhase section */
		F02A0FAD262F0F0800449888 /* Sources */ = {
			isa = PBXSourcesBuildPhase;
			buildActionMask = 2147483647;
			files = (
				F02A0FCA262F0F7300449888 /* UIImageView+Extension .swift in Sources */,
				F00AC5AF263EAB6F00509FB8 /* MessageConstant.swift in Sources */,
				F02A0FF3262F26BA00449888 /* CategoryModelView.swift in Sources */,
				F02A0FF5262F26BA00449888 /* CategoryTableView.swift in Sources */,
				F02A0FE3262F101500449888 /* NetworkManagerProtocol.swift in Sources */,
				F02A0FE6262F101500449888 /* APIClient.swift in Sources */,
				F060833A2633FD4900B92659 /* RealmManager.swift in Sources */,
				F0E45BCF2649C3BC0024DD2E /* JsonLoader.swift in Sources */,
				F07BC73526316F2000CDCA9A /* Reachability.swift in Sources */,
				F02A0FE8262F101500449888 /* NetworkConstant.swift in Sources */,
				F0AF095226356D1200746AF9 /* Utility.swift in Sources */,
				F02A0FE7262F101500449888 /* NetworkManager.swift in Sources */,
				F02A0FCB262F0F7300449888 /* UIView+Extension.swift in Sources */,
				F02A100D262F26EE00449888 /* NewsArticlesRequest.swift in Sources */,
				F02A1005262F26EE00449888 /* NewsModelView.swift in Sources */,
				F00AC5AB263E808D00509FB8 /* SnackbarView.swift in Sources */,
				F07BC7312631589B00CDCA9A /* ItemHandler.swift in Sources */,
				F0E45BC52649AB060024DD2E /* LanguageTVCell.swift in Sources */,
				F02A1008262F26EE00449888 /* NewsWebViewController.swift in Sources */,
				F02A0FB5262F0F0800449888 /* AppDelegate.swift in Sources */,
				F07BC733263158CA00CDCA9A /* NewsLink.swift in Sources */,
				F02A0FCC262F0F7300449888 /* Spinner.swift in Sources */,
				F02A0FE4262F101500449888 /* APIDataProtocol.swift in Sources */,
				F02A100A262F26EE00449888 /* NewsViewController.swift in Sources */,
				F02A0FE9262F101500449888 /* NetworkError.swift in Sources */,
				F02A1006262F26EE00449888 /* ArticaleModel.swift in Sources */,
				F02A100B262F26EE00449888 /* NewsCollectionViewCell.swift in Sources */,
				F0E45BC326499DFC0024DD2E /* LanguageSelectionVController.swift in Sources */,
				F02A0FE2262F101500449888 /* APIClientProtocol.swift in Sources */,
				F008B1FA263DE18E00857A6A /* MessageViewController.swift in Sources */,
				F008B1F9263DE18E00857A6A /* MessageModel.swift in Sources */,
				F0E45BCD2649C3B20024DD2E /* LanguageData.swift in Sources */,
				F02A0FF6262F26BA00449888 /* CategoryRequest.swift in Sources */,
				F02A0FF4262F26BA00449888 /* CategoryModel.swift in Sources */,
				F02A100C262F26EE00449888 /* NewsDisplayView.swift in Sources */,
				F031B96F263F083F001FD354 /* LastCViewCell.swift in Sources */,
				F02A0FE5262F101500449888 /* NetworkConfig.swift in Sources */,
			);
			runOnlyForDeploymentPostprocessing = 0;
		};
/* End PBXSourcesBuildPhase section */

/* Begin PBXVariantGroup section */
		F02A0FBD262F0F0900449888 /* LaunchScreen.storyboard */ = {
			isa = PBXVariantGroup;
			children = (
				F02A0FBE262F0F0900449888 /* Base */,
			);
			name = LaunchScreen.storyboard;
			sourceTree = "<group>";
		};
/* End PBXVariantGroup section */

/* Begin XCBuildConfiguration section */
		F02A0FC1262F0F0900449888 /* Debug */ = {
			isa = XCBuildConfiguration;
			buildSettings = {
				ALWAYS_SEARCH_USER_PATHS = NO;
				CLANG_ANALYZER_NONNULL = YES;
				CLANG_ANALYZER_NUMBER_OBJECT_CONVERSION = YES_AGGRESSIVE;
				CLANG_CXX_LANGUAGE_STANDARD = "gnu++14";
				CLANG_CXX_LIBRARY = "libc++";
				CLANG_ENABLE_MODULES = YES;
				CLANG_ENABLE_OBJC_ARC = YES;
				CLANG_ENABLE_OBJC_WEAK = YES;
				CLANG_WARN_BLOCK_CAPTURE_AUTORELEASING = YES;
				CLANG_WARN_BOOL_CONVERSION = YES;
				CLANG_WARN_COMMA = YES;
				CLANG_WARN_CONSTANT_CONVERSION = YES;
				CLANG_WARN_DEPRECATED_OBJC_IMPLEMENTATIONS = YES;
				CLANG_WARN_DIRECT_OBJC_ISA_USAGE = YES_ERROR;
				CLANG_WARN_DOCUMENTATION_COMMENTS = YES;
				CLANG_WARN_EMPTY_BODY = YES;
				CLANG_WARN_ENUM_CONVERSION = YES;
				CLANG_WARN_INFINITE_RECURSION = YES;
				CLANG_WARN_INT_CONVERSION = YES;
				CLANG_WARN_NON_LITERAL_NULL_CONVERSION = YES;
				CLANG_WARN_OBJC_IMPLICIT_RETAIN_SELF = YES;
				CLANG_WARN_OBJC_LITERAL_CONVERSION = YES;
				CLANG_WARN_OBJC_ROOT_CLASS = YES_ERROR;
				CLANG_WARN_RANGE_LOOP_ANALYSIS = YES;
				CLANG_WARN_STRICT_PROTOTYPES = YES;
				CLANG_WARN_SUSPICIOUS_MOVE = YES;
				CLANG_WARN_UNGUARDED_AVAILABILITY = YES_AGGRESSIVE;
				CLANG_WARN_UNREACHABLE_CODE = YES;
				CLANG_WARN__DUPLICATE_METHOD_MATCH = YES;
				CODE_SIGN_IDENTITY = "iPhone Developer";
				COPY_PHASE_STRIP = NO;
				DEBUG_INFORMATION_FORMAT = dwarf;
				ENABLE_STRICT_OBJC_MSGSEND = YES;
				ENABLE_TESTABILITY = YES;
				GCC_C_LANGUAGE_STANDARD = gnu11;
				GCC_DYNAMIC_NO_PIC = NO;
				GCC_NO_COMMON_BLOCKS = YES;
				GCC_OPTIMIZATION_LEVEL = 0;
				GCC_PREPROCESSOR_DEFINITIONS = (
					"DEBUG=1",
					"$(inherited)",
				);
				GCC_WARN_64_TO_32_BIT_CONVERSION = YES;
				GCC_WARN_ABOUT_RETURN_TYPE = YES_ERROR;
				GCC_WARN_UNDECLARED_SELECTOR = YES;
				GCC_WARN_UNINITIALIZED_AUTOS = YES_AGGRESSIVE;
				GCC_WARN_UNUSED_FUNCTION = YES;
				GCC_WARN_UNUSED_VARIABLE = YES;
				IPHONEOS_DEPLOYMENT_TARGET = 12.0;
				MTL_ENABLE_DEBUG_INFO = INCLUDE_SOURCE;
				MTL_FAST_MATH = YES;
				ONLY_ACTIVE_ARCH = YES;
				SDKROOT = iphoneos;
				SWIFT_ACTIVE_COMPILATION_CONDITIONS = DEBUG;
				SWIFT_OPTIMIZATION_LEVEL = "-Onone";
			};
			name = Debug;
		};
		F02A0FC2262F0F0900449888 /* Release */ = {
			isa = XCBuildConfiguration;
			buildSettings = {
				ALWAYS_SEARCH_USER_PATHS = NO;
				CLANG_ANALYZER_NONNULL = YES;
				CLANG_ANALYZER_NUMBER_OBJECT_CONVERSION = YES_AGGRESSIVE;
				CLANG_CXX_LANGUAGE_STANDARD = "gnu++14";
				CLANG_CXX_LIBRARY = "libc++";
				CLANG_ENABLE_MODULES = YES;
				CLANG_ENABLE_OBJC_ARC = YES;
				CLANG_ENABLE_OBJC_WEAK = YES;
				CLANG_WARN_BLOCK_CAPTURE_AUTORELEASING = YES;
				CLANG_WARN_BOOL_CONVERSION = YES;
				CLANG_WARN_COMMA = YES;
				CLANG_WARN_CONSTANT_CONVERSION = YES;
				CLANG_WARN_DEPRECATED_OBJC_IMPLEMENTATIONS = YES;
				CLANG_WARN_DIRECT_OBJC_ISA_USAGE = YES_ERROR;
				CLANG_WARN_DOCUMENTATION_COMMENTS = YES;
				CLANG_WARN_EMPTY_BODY = YES;
				CLANG_WARN_ENUM_CONVERSION = YES;
				CLANG_WARN_INFINITE_RECURSION = YES;
				CLANG_WARN_INT_CONVERSION = YES;
				CLANG_WARN_NON_LITERAL_NULL_CONVERSION = YES;
				CLANG_WARN_OBJC_IMPLICIT_RETAIN_SELF = YES;
				CLANG_WARN_OBJC_LITERAL_CONVERSION = YES;
				CLANG_WARN_OBJC_ROOT_CLASS = YES_ERROR;
				CLANG_WARN_RANGE_LOOP_ANALYSIS = YES;
				CLANG_WARN_STRICT_PROTOTYPES = YES;
				CLANG_WARN_SUSPICIOUS_MOVE = YES;
				CLANG_WARN_UNGUARDED_AVAILABILITY = YES_AGGRESSIVE;
				CLANG_WARN_UNREACHABLE_CODE = YES;
				CLANG_WARN__DUPLICATE_METHOD_MATCH = YES;
				CODE_SIGN_IDENTITY = "iPhone Developer";
				COPY_PHASE_STRIP = NO;
				DEBUG_INFORMATION_FORMAT = "dwarf-with-dsym";
				ENABLE_NS_ASSERTIONS = NO;
				ENABLE_STRICT_OBJC_MSGSEND = YES;
				GCC_C_LANGUAGE_STANDARD = gnu11;
				GCC_NO_COMMON_BLOCKS = YES;
				GCC_WARN_64_TO_32_BIT_CONVERSION = YES;
				GCC_WARN_ABOUT_RETURN_TYPE = YES_ERROR;
				GCC_WARN_UNDECLARED_SELECTOR = YES;
				GCC_WARN_UNINITIALIZED_AUTOS = YES_AGGRESSIVE;
				GCC_WARN_UNUSED_FUNCTION = YES;
				GCC_WARN_UNUSED_VARIABLE = YES;
				IPHONEOS_DEPLOYMENT_TARGET = 12.0;
				MTL_ENABLE_DEBUG_INFO = NO;
				MTL_FAST_MATH = YES;
				SDKROOT = iphoneos;
				SWIFT_COMPILATION_MODE = wholemodule;
				SWIFT_OPTIMIZATION_LEVEL = "-O";
				VALIDATE_PRODUCT = YES;
			};
			name = Release;
		};
		F02A0FC4262F0F0900449888 /* Debug */ = {
			isa = XCBuildConfiguration;
			baseConfigurationReference = 3F43AB72029BF450A82DC0E0 /* Pods-KiteCred.debug.xcconfig */;
			buildSettings = {
				ASSETCATALOG_COMPILER_APPICON_NAME = AppIcon;
				CODE_SIGN_STYLE = Automatic;
				CURRENT_PROJECT_VERSION = 1.2;
				DEVELOPMENT_TEAM = 754KYY28MV;
				INFOPLIST_FILE = KiteCred/Info.plist;
				LD_RUNPATH_SEARCH_PATHS = (
					"$(inherited)",
					"@executable_path/Frameworks",
				);
				MARKETING_VERSION = 1.1;
				PRODUCT_BUNDLE_IDENTIFIER = com.identifier.KiteCred;
				PRODUCT_NAME = PaperPoll;
				SWIFT_VERSION = 5.0;
				TARGETED_DEVICE_FAMILY = "1,2";
			};
			name = Debug;
		};
		F02A0FC5262F0F0900449888 /* Release */ = {
			isa = XCBuildConfiguration;
			baseConfigurationReference = 8F159ABAB7F1E1481D37C8BC /* Pods-KiteCred.release.xcconfig */;
			buildSettings = {
				ASSETCATALOG_COMPILER_APPICON_NAME = AppIcon;
				CODE_SIGN_STYLE = Automatic;
				CURRENT_PROJECT_VERSION = 1.2;
				DEVELOPMENT_TEAM = 754KYY28MV;
				INFOPLIST_FILE = KiteCred/Info.plist;
				LD_RUNPATH_SEARCH_PATHS = (
					"$(inherited)",
					"@executable_path/Frameworks",
				);
				MARKETING_VERSION = 1.1;
				PRODUCT_BUNDLE_IDENTIFIER = com.identifier.KiteCred;
				PRODUCT_NAME = PaperPoll;
				SWIFT_VERSION = 5.0;
				TARGETED_DEVICE_FAMILY = "1,2";
			};
			name = Release;
		};
/* End XCBuildConfiguration section */

/* Begin XCConfigurationList section */
		F02A0FAC262F0F0800449888 /* Build configuration list for PBXProject "KiteCred" */ = {
			isa = XCConfigurationList;
			buildConfigurations = (
				F02A0FC1262F0F0900449888 /* Debug */,
				F02A0FC2262F0F0900449888 /* Release */,
			);
			defaultConfigurationIsVisible = 0;
			defaultConfigurationName = Release;
		};
		F02A0FC3262F0F0900449888 /* Build configuration list for PBXNativeTarget "KiteCred" */ = {
			isa = XCConfigurationList;
			buildConfigurations = (
				F02A0FC4262F0F0900449888 /* Debug */,
				F02A0FC5262F0F0900449888 /* Release */,
			);
			defaultConfigurationIsVisible = 0;
			defaultConfigurationName = Release;
		};
/* End XCConfigurationList section */
	};
	rootObject = F02A0FA9262F0F0800449888 /* Project object */;
}
